{
  "name": "vh3d",
  "version": "1.0.0",
  "lockfileVersion": 1,
  "requires": true,
  "dependencies": {
    "@enable3d/ammo-physics": {
      "version": "0.23.0",
      "resolved": "https://registry.npmjs.org/@enable3d/ammo-physics/-/ammo-physics-0.23.0.tgz",
      "integrity": "sha512-ggNvaaHkPJjohQdjdrfzNKh7LjFOwrVGE3jMx4wFvoFoJcxfetW25VBYO4cUL/sY/luCVSkn2DEsYVxEAxLIrA==",
      "requires": {
        "@enable3d/common": "^0.23.0",
        "@enable3d/three-wrapper": "^0.23.0",
        "@yandeu/events": "0.0.5"
      }
    },
    "@enable3d/common": {
      "version": "0.23.0",
      "resolved": "https://registry.npmjs.org/@enable3d/common/-/common-0.23.0.tgz",
      "integrity": "sha512-yzttzi2shZ/QuI5q/LerBXerKKZqy/YJW/W08uYvgwP19odWOKnsok8rLBzjWbgBV3Icr1Q9SV1jWis9GPxeww==",
      "requires": {
        "@enable3d/three-wrapper": "^0.23.0",
        "@yandeu/events": "0.0.5"
      }
    },
    "@enable3d/three-wrapper": {
      "version": "0.23.0",
      "resolved": "https://registry.npmjs.org/@enable3d/three-wrapper/-/three-wrapper-0.23.0.tgz",
      "integrity": "sha512-weUWeSisMwRlrbmbf1TKvce3xL7wkisx83tXlLXYSUwrUrHr7NzJ3gmWACjKtCkwsP5SQ952VdPR2eJlYxTHBA=="
    },
    "@yandeu/events": {
      "version": "0.0.5",
      "resolved": "https://registry.npmjs.org/@yandeu/events/-/events-0.0.5.tgz",
      "integrity": "sha512-TUkghSGu0ThcEyAP50WHU/vdQkpt9EZyotjZzG8KirR+VI5o7Rp5wabcGru62JNy+awMR8Voy+kFzhNkC/1E6A=="
    },
    "mgrs": {
      "version": "1.0.0",
      "resolved": "https://registry.npmjs.org/mgrs/-/mgrs-1.0.0.tgz",
      "integrity": "sha1-+5FYjnjJACVnI5XLQLJffNatGCk="
    },
    "proj4": {
      "version": "2.7.5",
      "resolved": "https://registry.npmjs.org/proj4/-/proj4-2.7.5.tgz",
      "integrity": "sha512-5ecXUXbHAfvdhfBQpU7EhUfPCQGUCPmVup/4gnZA3bJY3JcK/xxzm4QQDz1xiXokN6ux65VDczlCtBtKrTSpAQ==",
      "requires": {
        "mgrs": "1.0.0",
        "wkt-parser": "^1.3.1"
      }
    },
    "three": {
      "version": "0.131.2",
      "resolved": "https://registry.npmjs.org/three/-/three-0.131.2.tgz",
      "integrity": "sha512-1Wmd0xYihEVpU9HjQ3POqnTlx6VZHmmbmtNgAWY/EVwOvkdXpSE6yFVwIvTkEubCd5LzK14pCHwb36SXoAxi3A=="
    },
    "wkt-parser": {
      "version": "1.3.1",
      "resolved": "https://registry.npmjs.org/wkt-parser/-/wkt-parser-1.3.1.tgz",
      "integrity": "sha512-XK5qV+Y5gsygQfHx2/cS5a7Zxsgleaw8iX5UPC5eOXPc0TgJAu1JB9lr0iYYX3zAnN3p0aNiaN5c+1Bdblxwrg=="
    }
  }
}
